// !$*UTF8*$!
{
	archiveVersion = 1;
	classes = {
	};
	objectVersion = 50;
	objects = {

/* Begin PBXBuildFile section */
		639E0FE920CB2BD80072E5DB /* AppDelegate.swift in Sources */ = {isa = PBXBuildFile; fileRef = 639E0FE820CB2BD80072E5DB /* AppDelegate.swift */; };
		639E0FEB20CB2BD80072E5DB /* ViewController.swift in Sources */ = {isa = PBXBuildFile; fileRef = 639E0FEA20CB2BD80072E5DB /* ViewController.swift */; };
		639E0FEE20CB2BD80072E5DB /* Main.storyboard in Resources */ = {isa = PBXBuildFile; fileRef = 639E0FEC20CB2BD80072E5DB /* Main.storyboard */; };
		639E0FF120CB2BD80072E5DB /* CardCollector.xcdatamodeld in Sources */ = {isa = PBXBuildFile; fileRef = 639E0FEF20CB2BD80072E5DB /* CardCollector.xcdatamodeld */; };
		639E0FF320CB2BD90072E5DB /* Assets.xcassets in Resources */ = {isa = PBXBuildFile; fileRef = 639E0FF220CB2BD90072E5DB /* Assets.xcassets */; };
		639E0FF620CB2BD90072E5DB /* LaunchScreen.storyboard in Resources */ = {isa = PBXBuildFile; fileRef = 639E0FF420CB2BD90072E5DB /* LaunchScreen.storyboard */; };
/* End PBXBuildFile section */

/* Begin PBXFileReference section */
		639E0FE520CB2BD80072E5DB /* CardCollector.app */ = {isa = PBXFileReference; explicitFileType = wrapper.application; includeInIndex = 0; path = CardCollector.app; sourceTree = BUILT_PRODUCTS_DIR; };
		639E0FE820CB2BD80072E5DB /* AppDelegate.swift */ = {isa = PBXFileReference; lastKnownFileType = sourcecode.swift; path = AppDelegate.swift; sourceTree = "<group>"; };
		639E0FEA20CB2BD80072E5DB /* ViewController.swift */ = {isa = PBXFileReference; lastKnownFileType = sourcecode.swift; path = ViewController.swift; sourceTree = "<group>"; };
		639E0FED20CB2BD80072E5DB /* Base */ = {isa = PBXFileReference; lastKnownFileType = file.storyboard; name = Base; path = Base.lproj/Main.storyboard; sourceTree = "<group>"; };
		639E0FF020CB2BD80072E5DB /* CardCollector.xcdatamodel */ = {isa = PBXFileReference; lastKnownFileType = wrapper.xcdatamodel; path = CardCollector.xcdatamodel; sourceTree = "<group>"; };
		639E0FF220CB2BD90072E5DB /* Assets.xcassets */ = {isa = PBXFileReference; lastKnownFileType = folder.assetcatalog; path = Assets.xcassets; sourceTree = "<group>"; };
		639E0FF520CB2BD90072E5DB /* Base */ = {isa = PBXFileReference; lastKnownFileType = file.storyboard; name = Base; path = Base.lproj/LaunchScreen.storyboard; sourceTree = "<group>"; };
		639E0FF720CB2BD90072E5DB /* Info.plist */ = {isa = PBXFileReference; lastKnownFileType = text.plist.xml; path = Info.plist; sourceTree = "<group>"; };
/* End PBXFileReference section */

/* Begin PBXFrameworksBuildPhase section */
		639E0FE220CB2BD80072E5DB /* Frameworks */ = {
			isa = PBXFrameworksBuildPhase;
			buildActionMask = 2147483647;
			files = (
			);
			runOnlyForDeploymentPostprocessing = 0;
		};
/* End PBXFrameworksBuildPhase section */

/* Begin PBXGroup section */
		639E0FDC20CB2BD80072E5DB = {
			isa = PBXGroup;
			children = (
				639E0FE720CB2BD80072E5DB /* CardCollector */,
				639E0FE620CB2BD80072E5DB /* Products */,
			);
			sourceTree = "<group>";
		};
		639E0FE620CB2BD80072E5DB /* Products */ = {
			isa = PBXGroup;
			children = (
				639E0FE520CB2BD80072E5DB /* CardCollector.app */,
			);
			name = Products;
			sourceTree = "<group>";
		};
		639E0FE720CB2BD80072E5DB /* CardCollector */ = {
			isa = PBXGroup;
			children = (
				639E0FE820CB2BD80072E5DB /* AppDelegate.swift */,
				639E0FEA20CB2BD80072E5DB /* ViewController.swift */,
				639E0FEC20CB2BD80072E5DB /* Main.storyboard */,
				639E0FF220CB2BD90072E5DB /* Assets.xcassets */,
				639E0FF420CB2BD90072E5DB /* LaunchScreen.storyboard */,
				639E0FF720CB2BD90072E5DB /* Info.plist */,
				639E0FEF20CB2BD80072E5DB /* CardCollector.xcdatamodeld */,
			);
			path = CardCollector;
			sourceTree = "<group>";
		};
/* End PBXGroup section */

/* Begin PBXNativeTarget section */
		639E0FE420CB2BD80072E5DB /* CardCollector */ = {
			isa = PBXNativeTarget;
			buildConfigurationList = 639E0FFA20CB2BD90072E5DB /* Build configuration list for PBXNativeTarget "CardCollector" */;
			buildPhases = (
				639E0FE120CB2BD80072E5DB /* Sources */,
				639E0FE220CB2BD80072E5DB /* Frameworks */,
				639E0FE320CB2BD80072E5DB /* Resources */,
			);
			buildRules = (
			);
			dependencies = (
			);
			name = CardCollector;
			productName = CardCollector;
			productReference = 639E0FE520CB2BD80072E5DB /* CardCollector.app */;
			productType = "com.apple.product-type.application";
		};
/* End PBXNativeTarget section */

/* Begin PBXProject section */
		639E0FDD20CB2BD80072E5DB /* Project object */ = {
			isa = PBXProject;
			attributes = {
				LastSwiftUpdateCheck = 0940;
				LastUpgradeCheck = 0940;
				ORGANIZATIONNAME = "David Kendlbacher";
				TargetAttributes = {
					639E0FE420CB2BD80072E5DB = {
						CreatedOnToolsVersion = 9.4;
					};
				};
			};
			buildConfigurationList = 639E0FE020CB2BD80072E5DB /* Build configuration list for PBXProject "CardCollector" */;
			compatibilityVersion = "Xcode 9.3";
			developmentRegion = en;
			hasScannedForEncodings = 0;
			knownRegions = (
				en,
				Base,
			);
			mainGroup = 639E0FDC20CB2BD80072E5DB;
			productRefGroup = 639E0FE620CB2BD80072E5DB /* Products */;
			projectDirPath = "";
			projectRoot = "";
			targets = (
				639E0FE420CB2BD80072E5DB /* CardCollector */,
			);
		};
/* End PBXProject section */

/* Begin PBXResourcesBuildPhase section */
		639E0FE320CB2BD80072E5DB /* Resources */ = {
			isa = PBXResourcesBuildPhase;
			buildActionMask = 2147483647;
			files = (
				639E0FF620CB2BD90072E5DB /* LaunchScreen.storyboard in Resources */,
				639E0FF320CB2BD90072E5DB /* Assets.xcassets in Resources */,
				639E0FEE20CB2BD80072E5DB /* Main.storyboard in Resources */,
			);
			runOnlyForDeploymentPostprocessing = 0;
		};
/* End PBXResourcesBuildPhase section */

/* Begin PBXSourcesBuildPhase section */
		639E0FE120CB2BD80072E5DB /* Sources */ = {
			isa = PBXSourcesBuildPhase;
			buildActionMask = 2147483647;
			files = (
				639E0FEB20CB2BD80072E5DB /* ViewController.swift in Sources */,
				639E0FE920CB2BD80072E5DB /* AppDelegate.swift in Sources */,
				639E0FF120CB2BD80072E5DB /* CardCollector.xcdatamodeld in Sources */,
			);
			runOnlyForDeploymentPostprocessing = 0;
		};
/* End PBXSourcesBuildPhase section */

/* Begin PBXVariantGroup section */
		639E0FEC20CB2BD80072E5DB /* Main.storyboard */ = {
			isa = PBXVariantGroup;
			children = (
				639E0FED20CB2BD80072E5DB /* Base */,
			);
			name = Main.storyboard;
			sourceTree = "<group>";
		};
		639E0FF420CB2BD90072E5DB /* LaunchScreen.storyboard */ = {
			isa = PBXVariantGroup;
			children = (
				639E0FF520CB2BD90072E5DB /* Base */,
			);
			name = LaunchScreen.storyboard;
			sourceTree = "<group>";
		};
/* End PBXVariantGroup section */

/* Begin XCBuildConfiguration section */
		639E0FF820CB2BD90072E5DB /* Debug */ = {
			isa = XCBuildConfiguration;
			buildSettings = {
				ALWAYS_SEARCH_USER_PATHS = NO;
				CLANG_ANALYZER_NONNULL = YES;
				CLANG_ANALYZER_NUMBER_OBJECT_CONVERSION = YES_AGGRESSIVE;
				CLANG_CXX_LANGUAGE_STANDARD = "gnu++14";
				CLANG_CXX_LIBRARY = "libc++";
				CLANG_ENABLE_MODULES = YES;
				CLANG_ENABLE_OBJC_ARC = YES;
				CLANG_ENABLE_OBJC_WEAK = YES;
				CLANG_WARN_BLOCK_CAPTURE_AUTORELEASING = YES;
				CLANG_WARN_BOOL_CONVERSION = YES;
				CLANG_WARN_COMMA = YES;
				CLANG_WARN_CONSTANT_CONVERSION = YES;
				CLANG_WARN_DEPRECATED_OBJC_IMPLEMENTATIONS = YES;
				CLANG_WARN_DIRECT_OBJC_ISA_USAGE = YES_ERROR;
				CLANG_WARN_DOCUMENTATION_COMMENTS = YES;
				CLANG_WARN_EMPTY_BODY = YES;
				CLANG_WARN_ENUM_CONVERSION = YES;
				CLANG_WARN_INFINITE_RECURSION = YES;
				CLANG_WARN_INT_CONVERSION = YES;
				CLANG_WARN_NON_LITERAL_NULL_CONVERSION = YES;
				CLANG_WARN_OBJC_IMPLICIT_RETAIN_SELF = YES;
				CLANG_WARN_OBJC_LITERAL_CONVERSION = YES;
				CLANG_WARN_OBJC_ROOT_CLASS = YES_ERROR;
				CLANG_WARN_RANGE_LOOP_ANALYSIS = YES;
				CLANG_WARN_STRICT_PROTOTYPES = YES;
				CLANG_WARN_SUSPICIOUS_MOVE = YES;
				CLANG_WARN_UNGUARDED_AVAILABILITY = YES_AGGRESSIVE;
				CLANG_WARN_UNREACHABLE_CODE = YES;
				CLANG_WARN__DUPLICATE_METHOD_MATCH = YES;
				CODE_SIGN_IDENTITY = "iPhone Developer";
				COPY_PHASE_STRIP = NO;
				DEBUG_INFORMATION_FORMAT = dwarf;
				ENABLE_STRICT_OBJC_MSGSEND = YES;
				ENABLE_TESTABILITY = YES;
				GCC_C_LANGUAGE_STANDARD = gnu11;
				GCC_DYNAMIC_NO_PIC = NO;
				GCC_NO_COMMON_BLOCKS = YES;
				GCC_OPTIMIZATION_LEVEL = 0;
				GCC_PREPROCESSOR_DEFINITIONS = (
					"DEBUG=1",
					"$(inherited)",
				);
				GCC_WARN_64_TO_32_BIT_CONVERSION = YES;
				GCC_WARN_ABOUT_RETURN_TYPE = YES_ERROR;
				GCC_WARN_UNDECLARED_SELECTOR = YES;
				GCC_WARN_UNINITIALIZED_AUTOS = YES_AGGRESSIVE;
				GCC_WARN_UNUSED_FUNCTION = YES;
				GCC_WARN_UNUSED_VARIABLE = YES;
				IPHONEOS_DEPLOYMENT_TARGET = 11.4;
				MTL_ENABLE_DEBUG_INFO = YES;
				ONLY_ACTIVE_ARCH = YES;
				SDKROOT = iphoneos;
				SWIFT_ACTIVE_COMPILATION_CONDITIONS = DEBUG;
				SWIFT_OPTIMIZATION_LEVEL = "-Onone";
			};
			name = Debug;
		};
		639E0FF920CB2BD90072E5DB /* Release */ = {
			isa = XCBuildConfiguration;
			buildSettings = {
				ALWAYS_SEARCH_USER_PATHS = NO;
				CLANG_ANALYZER_NONNULL = YES;
				CLANG_ANALYZER_NUMBER_OBJECT_CONVERSION = YES_AGGRESSIVE;
				CLANG_CXX_LANGUAGE_STANDARD = "gnu++14";
				CLANG_CXX_LIBRARY = "libc++";
				CLANG_ENABLE_MODULES = YES;
				CLANG_ENABLE_OBJC_ARC = YES;
				CLANG_ENABLE_OBJC_WEAK = YES;
				CLANG_WARN_BLOCK_CAPTURE_AUTORELEASING = YES;
				CLANG_WARN_BOOL_CONVERSION = YES;
				CLANG_WARN_COMMA = YES;
				CLANG_WARN_CONSTANT_CONVERSION = YES;
				CLANG_WARN_DEPRECATED_OBJC_IMPLEMENTATIONS = YES;
				CLANG_WARN_DIRECT_OBJC_ISA_USAGE = YES_ERROR;
				CLANG_WARN_DOCUMENTATION_COMMENTS = YES;
				CLANG_WARN_EMPTY_BODY = YES;
				CLANG_WARN_ENUM_CONVERSION = YES;
				CLANG_WARN_INFINITE_RECURSION = YES;
				CLANG_WARN_INT_CONVERSION = YES;
				CLANG_WARN_NON_LITERAL_NULL_CONVERSION = YES;
				CLANG_WARN_OBJC_IMPLICIT_RETAIN_SELF = YES;
				CLANG_WARN_OBJC_LITERAL_CONVERSION = YES;
				CLANG_WARN_OBJC_ROOT_CLASS = YES_ERROR;
				CLANG_WARN_RANGE_LOOP_ANALYSIS = YES;
				CLANG_WARN_STRICT_PROTOTYPES = YES;
				CLANG_WARN_SUSPICIOUS_MOVE = YES;
				CLANG_WARN_UNGUARDED_AVAILABILITY = YES_AGGRESSIVE;
				CLANG_WARN_UNREACHABLE_CODE = YES;
				CLANG_WARN__DUPLICATE_METHOD_MATCH = YES;
				CODE_SIGN_IDENTITY = "iPhone Developer";
				COPY_PHASE_STRIP = NO;
				DEBUG_INFORMATION_FORMAT = "dwarf-with-dsym";
				ENABLE_NS_ASSERTIONS = NO;
				ENABLE_STRICT_OBJC_MSGSEND = YES;
				GCC_C_LANGUAGE_STANDARD = gnu11;
				GCC_NO_COMMON_BLOCKS = YES;
				GCC_WARN_64_TO_32_BIT_CONVERSION = YES;
				GCC_WARN_ABOUT_RETURN_TYPE = YES_ERROR;
				GCC_WARN_UNDECLARED_SELECTOR = YES;
				GCC_WARN_UNINITIALIZED_AUTOS = YES_AGGRESSIVE;
				GCC_WARN_UNUSED_FUNCTION = YES;
				GCC_WARN_UNUSED_VARIABLE = YES;
				IPHONEOS_DEPLOYMENT_TARGET = 11.4;
				MTL_ENABLE_DEBUG_INFO = NO;
				SDKROOT = iphoneos;
				SWIFT_COMPILATION_MODE = wholemodule;
				SWIFT_OPTIMIZATION_LEVEL = "-O";
				VALIDATE_PRODUCT = YES;
			};
			name = Release;
		};
		639E0FFB20CB2BD90072E5DB /* Debug */ = {
			isa = XCBuildConfiguration;
			buildSettings = {
				ASSETCATALOG_COMPILER_APPICON_NAME = AppIcon;
				CODE_SIGN_STYLE = Automatic;
				INFOPLIST_FILE = CardCollector/Info.plist;
				LD_RUNPATH_SEARCH_PATHS = (
					"$(inherited)",
					"@executable_path/Frameworks",
				);
				PRODUCT_BUNDLE_IDENTIFIER = com.derkendlbacher.CardCollector;
				PRODUCT_NAME = "$(TARGET_NAME)";
				SWIFT_VERSION = 4.0;
				TARGETED_DEVICE_FAMILY = "1,2";
			};
			name = Debug;
		};
		639E0FFC20CB2BD90072E5DB /* Release */ = {
			isa = XCBuildConfiguration;
			buildSettings = {
				ASSETCATALOG_COMPILER_APPICON_NAME = AppIcon;
				CODE_SIGN_STYLE = Automatic;
				INFOPLIST_FILE = CardCollector/Info.plist;
				LD_RUNPATH_SEARCH_PATHS = (
					"$(inherited)",
					"@executable_path/Frameworks",
				);
				PRODUCT_BUNDLE_IDENTIFIER = com.derkendlbacher.CardCollector;
				PRODUCT_NAME = "$(TARGET_NAME)";
				SWIFT_VERSION = 4.0;
				TARGETED_DEVICE_FAMILY = "1,2";
			};
			name = Release;
		};
/* End XCBuildConfiguration section */

/* Begin XCConfigurationList section */
		639E0FE020CB2BD80072E5DB /* Build configuration list for PBXProject "CardCollector" */ = {
			isa = XCConfigurationList;
			buildConfigurations = (
				639E0FF820CB2BD90072E5DB /* Debug */,
				639E0FF920CB2BD90072E5DB /* Release */,
			);
			defaultConfigurationIsVisible = 0;
			defaultConfigurationName = Release;
		};
		639E0FFA20CB2BD90072E5DB /* Build configuration list for PBXNativeTarget "CardCollector" */ = {
			isa = XCConfigurationList;
			buildConfigurations = (
				639E0FFB20CB2BD90072E5DB /* Debug */,
				639E0FFC20CB2BD90072E5DB /* Release */,
			);
			defaultConfigurationIsVisible = 0;
			defaultConfigurationName = Release;
		};
/* End XCConfigurationList section */

/* Begin XCVersionGroup section */
		639E0FEF20CB2BD80072E5DB /* CardCollector.xcdatamodeld */ = {
			isa = XCVersionGroup;
			children = (
				639E0FF020CB2BD80072E5DB /* CardCollector.xcdatamodel */,
			);
			currentVersion = 639E0FF020CB2BD80072E5DB /* CardCollector.xcdatamodel */;
			path = CardCollector.xcdatamodeld;
			sourceTree = "<group>";
			versionGroupType = wrapper.xcdatamodel;
		};
/* End XCVersionGroup section */
	};
	rootObject = 639E0FDD20CB2BD80072E5DB /* Project object */;
}
